
Microsoft Visual Studio Solution File, Format Version 12.00
# Visual Studio Version 17
VisualStudioVersion = 17.5.33516.290
MinimumVisualStudioVersion = 10.0.40219.1
Project("{9A19103F-16F7-4668-BE54-9A1E7A4F7556}") = "ApiMiddleware", "ApiMiddleware\ApiMiddleware.csproj", "{5C7C39B4-CB20-4CF3-8266-2BDCBB9DF915}"
EndProject
Project("{FAE04EC0-301F-11D3-BF4B-00C04F79EFBC}") = "MediumClient", "MediumClient\MediumClient.csproj", "{4233C966-82AA-433D-B489-539E264C82EF}"
EndProject
Global
	GlobalSection(SolutionConfigurationPlatforms) = preSolution
		Debug|Any CPU = Debug|Any CPU
		Release|Any CPU = Release|Any CPU
	EndGlobalSection
	GlobalSection(ProjectConfigurationPlatforms) = postSolution
		{5C7C39B4-CB20-4CF3-8266-2BDCBB9DF915}.Debug|Any CPU.ActiveCfg = Debug|Any CPU
		{5C7C39B4-CB20-4CF3-8266-2BDCBB9DF915}.Debug|Any CPU.Build.0 = Debug|Any CPU
		{5C7C39B4-CB20-4CF3-8266-2BDCBB9DF915}.Release|Any CPU.ActiveCfg = Release|Any CPU
		{5C7C39B4-CB20-4CF3-8266-2BDCBB9DF915}.Release|Any CPU.Build.0 = Release|Any CPU
		{4233C966-82AA-433D-B489-539E264C82EF}.Debug|Any CPU.ActiveCfg = Debug|Any CPU
		{4233C966-82AA-433D-B489-539E264C82EF}.Debug|Any CPU.Build.0 = Debug|Any CPU
		{4233C966-82AA-433D-B489-539E264C82EF}.Release|Any CPU.ActiveCfg = Release|Any CPU
		{4233C966-82AA-433D-B489-539E264C82EF}.Release|Any CPU.Build.0 = Release|Any CPU
	EndGlobalSection
	GlobalSection(SolutionProperties) = preSolution
		HideSolutionNode = FALSE
	EndGlobalSection
	GlobalSection(ExtensibilityGlobals) = postSolution
		SolutionGuid = {44F53A52-69BA-4908-BAEC-D5A2407E7312}
	EndGlobalSection
EndGlobal
